{
    "name": "@types/leaflet.locatecontrol",
    "version": "0.74.4",
    "lockfileVersion": 3,
    "requires": true,
    "packages": {
        "": {
            "name": "@types/leaflet.locatecontrol",
            "version": "0.74.4",
            "license": "MIT",
            "dependencies": {
                "@types/leaflet": "*"
            }
        },
        "node_modules/@types/geojson": {
            "version": "7946.0.14",
            "resolved": "https://registry.npmjs.org/@types/geojson/-/geojson-7946.0.14.tgz",
            "integrity": "sha512-WCfD5Ht3ZesJUsONdhvm84dmzWOiOzOAqOncN0++w0lBw1o8OuDNJF2McvvCef/yBqb/HYRahp1BYtODFQ8bRg=="
        },
        "node_modules/@types/leaflet": {
            "version": "1.9.12",
            "resolved": "https://registry.npmjs.org/@types/leaflet/-/leaflet-1.9.12.tgz",
            "integrity": "sha512-BK7XS+NyRI291HIo0HCfE18Lp8oA30H1gpi1tf0mF3TgiCEzanQjOqNZ4x126SXzzi2oNSZhZ5axJp1k0iM6jg==",
            "dependencies": {
                "@types/geojson": "*"
            }
        }
    }
}
